
Microsoft Visual Studio Solution File, Format Version 12.00
# Visual Studio Version 16
VisualStudioVersion = 16.0.29709.97
MinimumVisualStudioVersion = 10.0.40219.1
Project("{FAE04EC0-301F-11D3-BF4B-00C04F79EFBC}") = "Cell.UWP", "Cell\Cell.UWP\Cell.UWP.csproj", "{1FDF0F64-D480-4775-9E12-77F5E06031BC}"
EndProject
Project("{FAE04EC0-301F-11D3-BF4B-00C04F79EFBC}") = "Cell.Android", "Cell\Cell.Android\Cell.Android.csproj", "{1B378F0F-ACF7-438E-BD00-4F8477AFD9CB}"
EndProject
Project("{FAE04EC0-301F-11D3-BF4B-00C04F79EFBC}") = "Cell.iOS", "Cell\Cell.iOS\Cell.iOS.csproj", "{8CA2CDF5-73CD-4124-B66A-E6AB748D6D7B}"
EndProject
Project("{FAE04EC0-301F-11D3-BF4B-00C04F79EFBC}") = "Cell", "Cell\Cell\Cell.csproj", "{FB92AAD8-635E-46F5-AA13-A1E6CBB516D6}"
EndProject
Global
	GlobalSection(SolutionConfigurationPlatforms) = preSolution
		Debug|Any CPU = Debug|Any CPU
		Debug|ARM = Debug|ARM
		Debug|iPhone = Debug|iPhone
		Debug|iPhoneSimulator = Debug|iPhoneSimulator
		Debug|x64 = Debug|x64
		Debug|x86 = Debug|x86
		Release|Any CPU = Release|Any CPU
		Release|ARM = Release|ARM
		Release|iPhone = Release|iPhone
		Release|iPhoneSimulator = Release|iPhoneSimulator
		Release|x64 = Release|x64
		Release|x86 = Release|x86
	EndGlobalSection
	GlobalSection(ProjectConfigurationPlatforms) = postSolution
		{1FDF0F64-D480-4775-9E12-77F5E06031BC}.Debug|Any CPU.ActiveCfg = Debug|x86
		{1FDF0F64-D480-4775-9E12-77F5E06031BC}.Debug|Any CPU.Build.0 = Debug|x86
		{1FDF0F64-D480-4775-9E12-77F5E06031BC}.Debug|Any CPU.Deploy.0 = Debug|x86
		{1FDF0F64-D480-4775-9E12-77F5E06031BC}.Debug|ARM.ActiveCfg = Debug|ARM
		{1FDF0F64-D480-4775-9E12-77F5E06031BC}.Debug|ARM.Build.0 = Debug|ARM
		{1FDF0F64-D480-4775-9E12-77F5E06031BC}.Debug|ARM.Deploy.0 = Debug|ARM
		{1FDF0F64-D480-4775-9E12-77F5E06031BC}.Debug|iPhone.ActiveCfg = Debug|x86
		{1FDF0F64-D480-4775-9E12-77F5E06031BC}.Debug|iPhone.Build.0 = Debug|x86
		{1FDF0F64-D480-4775-9E12-77F5E06031BC}.Debug|iPhone.Deploy.0 = Debug|x86
		{1FDF0F64-D480-4775-9E12-77F5E06031BC}.Debug|iPhoneSimulator.ActiveCfg = Debug|x86
		{1FDF0F64-D480-4775-9E12-77F5E06031BC}.Debug|iPhoneSimulator.Build.0 = Debug|x86
		{1FDF0F64-D480-4775-9E12-77F5E06031BC}.Debug|iPhoneSimulator.Deploy.0 = Debug|x86
		{1FDF0F64-D480-4775-9E12-77F5E06031BC}.Debug|x64.ActiveCfg = Debug|x64
		{1FDF0F64-D480-4775-9E12-77F5E06031BC}.Debug|x64.Build.0 = Debug|x64
		{1FDF0F64-D480-4775-9E12-77F5E06031BC}.Debug|x64.Deploy.0 = Debug|x64
		{1FDF0F64-D480-4775-9E12-77F5E06031BC}.Debug|x86.ActiveCfg = Debug|x86
		{1FDF0F64-D480-4775-9E12-77F5E06031BC}.Debug|x86.Build.0 = Debug|x86
		{1FDF0F64-D480-4775-9E12-77F5E06031BC}.Debug|x86.Deploy.0 = Debug|x86
		{1FDF0F64-D480-4775-9E12-77F5E06031BC}.Release|Any CPU.ActiveCfg = Release|x86
		{1FDF0F64-D480-4775-9E12-77F5E06031BC}.Release|Any CPU.Build.0 = Release|x86
		{1FDF0F64-D480-4775-9E12-77F5E06031BC}.Release|Any CPU.Deploy.0 = Release|x86
		{1FDF0F64-D480-4775-9E12-77F5E06031BC}.Release|ARM.ActiveCfg = Release|ARM
		{1FDF0F64-D480-4775-9E12-77F5E06031BC}.Release|ARM.Build.0 = Release|ARM
		{1FDF0F64-D480-4775-9E12-77F5E06031BC}.Release|ARM.Deploy.0 = Release|ARM
		{1FDF0F64-D480-4775-9E12-77F5E06031BC}.Release|iPhone.ActiveCfg = Release|x86
		{1FDF0F64-D480-4775-9E12-77F5E06031BC}.Release|iPhone.Build.0 = Release|x86
		{1FDF0F64-D480-4775-9E12-77F5E06031BC}.Release|iPhone.Deploy.0 = Release|x86
		{1FDF0F64-D480-4775-9E12-77F5E06031BC}.Release|iPhoneSimulator.ActiveCfg = Release|x86
		{1FDF0F64-D480-4775-9E12-77F5E06031BC}.Release|iPhoneSimulator.Build.0 = Release|x86
		{1FDF0F64-D480-4775-9E12-77F5E06031BC}.Release|iPhoneSimulator.Deploy.0 = Release|x86
		{1FDF0F64-D480-4775-9E12-77F5E06031BC}.Release|x64.ActiveCfg = Release|x64
		{1FDF0F64-D480-4775-9E12-77F5E06031BC}.Release|x64.Build.0 = Release|x64
		{1FDF0F64-D480-4775-9E12-77F5E06031BC}.Release|x64.Deploy.0 = Release|x64
		{1FDF0F64-D480-4775-9E12-77F5E06031BC}.Release|x86.ActiveCfg = Release|x86
		{1FDF0F64-D480-4775-9E12-77F5E06031BC}.Release|x86.Build.0 = Release|x86
		{1FDF0F64-D480-4775-9E12-77F5E06031BC}.Release|x86.Deploy.0 = Release|x86
		{1B378F0F-ACF7-438E-BD00-4F8477AFD9CB}.Debug|Any CPU.ActiveCfg = Debug|Any CPU
		{1B378F0F-ACF7-438E-BD00-4F8477AFD9CB}.Debug|Any CPU.Build.0 = Debug|Any CPU
		{1B378F0F-ACF7-438E-BD00-4F8477AFD9CB}.Debug|Any CPU.Deploy.0 = Debug|Any CPU
		{1B378F0F-ACF7-438E-BD00-4F8477AFD9CB}.Debug|ARM.ActiveCfg = Debug|Any CPU
		{1B378F0F-ACF7-438E-BD00-4F8477AFD9CB}.Debug|ARM.Build.0 = Debug|Any CPU
		{1B378F0F-ACF7-438E-BD00-4F8477AFD9CB}.Debug|ARM.Deploy.0 = Debug|Any CPU
		{1B378F0F-ACF7-438E-BD00-4F8477AFD9CB}.Debug|iPhone.ActiveCfg = Debug|Any CPU
		{1B378F0F-ACF7-438E-BD00-4F8477AFD9CB}.Debug|iPhone.Build.0 = Debug|Any CPU
		{1B378F0F-ACF7-438E-BD00-4F8477AFD9CB}.Debug|iPhone.Deploy.0 = Debug|Any CPU
		{1B378F0F-ACF7-438E-BD00-4F8477AFD9CB}.Debug|iPhoneSimulator.ActiveCfg = Debug|Any CPU
		{1B378F0F-ACF7-438E-BD00-4F8477AFD9CB}.Debug|iPhoneSimulator.Build.0 = Debug|Any CPU
		{1B378F0F-ACF7-438E-BD00-4F8477AFD9CB}.Debug|iPhoneSimulator.Deploy.0 = Debug|Any CPU
		{1B378F0F-ACF7-438E-BD00-4F8477AFD9CB}.Debug|x64.ActiveCfg = Debug|Any CPU
		{1B378F0F-ACF7-438E-BD00-4F8477AFD9CB}.Debug|x64.Build.0 = Debug|Any CPU
		{1B378F0F-ACF7-438E-BD00-4F8477AFD9CB}.Debug|x64.Deploy.0 = Debug|Any CPU
		{1B378F0F-ACF7-438E-BD00-4F8477AFD9CB}.Debug|x86.ActiveCfg = Debug|Any CPU
		{1B378F0F-ACF7-438E-BD00-4F8477AFD9CB}.Debug|x86.Build.0 = Debug|Any CPU
		{1B378F0F-ACF7-438E-BD00-4F8477AFD9CB}.Debug|x86.Deploy.0 = Debug|Any CPU
		{1B378F0F-ACF7-438E-BD00-4F8477AFD9CB}.Release|Any CPU.ActiveCfg = Release|Any CPU
		{1B378F0F-ACF7-438E-BD00-4F8477AFD9CB}.Release|Any CPU.Build.0 = Release|Any CPU
		{1B378F0F-ACF7-438E-BD00-4F8477AFD9CB}.Release|Any CPU.Deploy.0 = Release|Any CPU
		{1B378F0F-ACF7-438E-BD00-4F8477AFD9CB}.Release|ARM.ActiveCfg = Release|Any CPU
		{1B378F0F-ACF7-438E-BD00-4F8477AFD9CB}.Release|ARM.Build.0 = Release|Any CPU
		{1B378F0F-ACF7-438E-BD00-4F8477AFD9CB}.Release|ARM.Deploy.0 = Release|Any CPU
		{1B378F0F-ACF7-438E-BD00-4F8477AFD9CB}.Release|iPhone.ActiveCfg = Release|Any CPU
		{1B378F0F-ACF7-438E-BD00-4F8477AFD9CB}.Release|iPhone.Build.0 = Release|Any CPU
		{1B378F0F-ACF7-438E-BD00-4F8477AFD9CB}.Release|iPhone.Deploy.0 = Release|Any CPU
		{1B378F0F-ACF7-438E-BD00-4F8477AFD9CB}.Release|iPhoneSimulator.ActiveCfg = Release|Any CPU
		{1B378F0F-ACF7-438E-BD00-4F8477AFD9CB}.Release|iPhoneSimulator.Build.0 = Release|Any CPU
		{1B378F0F-ACF7-438E-BD00-4F8477AFD9CB}.Release|iPhoneSimulator.Deploy.0 = Release|Any CPU
		{1B378F0F-ACF7-438E-BD00-4F8477AFD9CB}.Release|x64.ActiveCfg = Release|Any CPU
		{1B378F0F-ACF7-438E-BD00-4F8477AFD9CB}.Release|x64.Build.0 = Release|Any CPU
		{1B378F0F-ACF7-438E-BD00-4F8477AFD9CB}.Release|x64.Deploy.0 = Release|Any CPU
		{1B378F0F-ACF7-438E-BD00-4F8477AFD9CB}.Release|x86.ActiveCfg = Release|Any CPU
		{1B378F0F-ACF7-438E-BD00-4F8477AFD9CB}.Release|x86.Build.0 = Release|Any CPU
		{1B378F0F-ACF7-438E-BD00-4F8477AFD9CB}.Release|x86.Deploy.0 = Release|Any CPU
		{8CA2CDF5-73CD-4124-B66A-E6AB748D6D7B}.Debug|Any CPU.ActiveCfg = Debug|iPhone
		{8CA2CDF5-73CD-4124-B66A-E6AB748D6D7B}.Debug|Any CPU.Build.0 = Debug|iPhone
		{8CA2CDF5-73CD-4124-B66A-E6AB748D6D7B}.Debug|Any CPU.Deploy.0 = Debug|iPhone
		{8CA2CDF5-73CD-4124-B66A-E6AB748D6D7B}.Debug|ARM.ActiveCfg = Debug|iPhoneSimulator
		{8CA2CDF5-73CD-4124-B66A-E6AB748D6D7B}.Debug|ARM.Build.0 = Debug|iPhoneSimulator
		{8CA2CDF5-73CD-4124-B66A-E6AB748D6D7B}.Debug|ARM.Deploy.0 = Debug|iPhoneSimulator
		{8CA2CDF5-73CD-4124-B66A-E6AB748D6D7B}.Debug|iPhone.ActiveCfg = Debug|iPhone
		{8CA2CDF5-73CD-4124-B66A-E6AB748D6D7B}.Debug|iPhone.Build.0 = Debug|iPhone
		{8CA2CDF5-73CD-4124-B66A-E6AB748D6D7B}.Debug|iPhone.Deploy.0 = Debug|iPhone
		{8CA2CDF5-73CD-4124-B66A-E6AB748D6D7B}.Debug|iPhoneSimulator.ActiveCfg = Debug|iPhoneSimulator
		{8CA2CDF5-73CD-4124-B66A-E6AB748D6D7B}.Debug|iPhoneSimulator.Build.0 = Debug|iPhoneSimulator
		{8CA2CDF5-73CD-4124-B66A-E6AB748D6D7B}.Debug|iPhoneSimulator.Deploy.0 = Debug|iPhoneSimulator
		{8CA2CDF5-73CD-4124-B66A-E6AB748D6D7B}.Debug|x64.ActiveCfg = Debug|iPhone
		{8CA2CDF5-73CD-4124-B66A-E6AB748D6D7B}.Debug|x64.Build.0 = Debug|iPhone
		{8CA2CDF5-73CD-4124-B66A-E6AB748D6D7B}.Debug|x64.Deploy.0 = Debug|iPhone
		{8CA2CDF5-73CD-4124-B66A-E6AB748D6D7B}.Debug|x86.ActiveCfg = Debug|iPhone
		{8CA2CDF5-73CD-4124-B66A-E6AB748D6D7B}.Debug|x86.Build.0 = Debug|iPhone
		{8CA2CDF5-73CD-4124-B66A-E6AB748D6D7B}.Debug|x86.Deploy.0 = Debug|iPhone
		{8CA2CDF5-73CD-4124-B66A-E6AB748D6D7B}.Release|Any CPU.ActiveCfg = Release|iPhone
		{8CA2CDF5-73CD-4124-B66A-E6AB748D6D7B}.Release|Any CPU.Build.0 = Release|iPhone
		{8CA2CDF5-73CD-4124-B66A-E6AB748D6D7B}.Release|Any CPU.Deploy.0 = Release|iPhone
		{8CA2CDF5-73CD-4124-B66A-E6AB748D6D7B}.Release|ARM.ActiveCfg = Release|iPhone
		{8CA2CDF5-73CD-4124-B66A-E6AB748D6D7B}.Release|ARM.Build.0 = Release|iPhone
		{8CA2CDF5-73CD-4124-B66A-E6AB748D6D7B}.Release|ARM.Deploy.0 = Release|iPhone
		{8CA2CDF5-73CD-4124-B66A-E6AB748D6D7B}.Release|iPhone.ActiveCfg = Release|iPhone
		{8CA2CDF5-73CD-4124-B66A-E6AB748D6D7B}.Release|iPhone.Build.0 = Release|iPhone
		{8CA2CDF5-73CD-4124-B66A-E6AB748D6D7B}.Release|iPhone.Deploy.0 = Release|iPhone
		{8CA2CDF5-73CD-4124-B66A-E6AB748D6D7B}.Release|iPhoneSimulator.ActiveCfg = Release|iPhoneSimulator
		{8CA2CDF5-73CD-4124-B66A-E6AB748D6D7B}.Release|iPhoneSimulator.Build.0 = Release|iPhoneSimulator
		{8CA2CDF5-73CD-4124-B66A-E6AB748D6D7B}.Release|iPhoneSimulator.Deploy.0 = Release|iPhoneSimulator
		{8CA2CDF5-73CD-4124-B66A-E6AB748D6D7B}.Release|x64.ActiveCfg = Release|iPhone
		{8CA2CDF5-73CD-4124-B66A-E6AB748D6D7B}.Release|x64.Build.0 = Release|iPhone
		{8CA2CDF5-73CD-4124-B66A-E6AB748D6D7B}.Release|x64.Deploy.0 = Release|iPhone
		{8CA2CDF5-73CD-4124-B66A-E6AB748D6D7B}.Release|x86.ActiveCfg = Release|iPhone
		{8CA2CDF5-73CD-4124-B66A-E6AB748D6D7B}.Release|x86.Build.0 = Release|iPhone
		{8CA2CDF5-73CD-4124-B66A-E6AB748D6D7B}.Release|x86.Deploy.0 = Release|iPhone
		{FB92AAD8-635E-46F5-AA13-A1E6CBB516D6}.Debug|Any CPU.ActiveCfg = Debug|Any CPU
		{FB92AAD8-635E-46F5-AA13-A1E6CBB516D6}.Debug|Any CPU.Build.0 = Debug|Any CPU
		{FB92AAD8-635E-46F5-AA13-A1E6CBB516D6}.Debug|Any CPU.Deploy.0 = Debug|Any CPU
		{FB92AAD8-635E-46F5-AA13-A1E6CBB516D6}.Debug|ARM.ActiveCfg = Debug|Any CPU
		{FB92AAD8-635E-46F5-AA13-A1E6CBB516D6}.Debug|ARM.Build.0 = Debug|Any CPU
		{FB92AAD8-635E-46F5-AA13-A1E6CBB516D6}.Debug|ARM.Deploy.0 = Debug|Any CPU
		{FB92AAD8-635E-46F5-AA13-A1E6CBB516D6}.Debug|iPhone.ActiveCfg = Debug|Any CPU
		{FB92AAD8-635E-46F5-AA13-A1E6CBB516D6}.Debug|iPhone.Build.0 = Debug|Any CPU
		{FB92AAD8-635E-46F5-AA13-A1E6CBB516D6}.Debug|iPhone.Deploy.0 = Debug|Any CPU
		{FB92AAD8-635E-46F5-AA13-A1E6CBB516D6}.Debug|iPhoneSimulator.ActiveCfg = Debug|Any CPU
		{FB92AAD8-635E-46F5-AA13-A1E6CBB516D6}.Debug|iPhoneSimulator.Build.0 = Debug|Any CPU
		{FB92AAD8-635E-46F5-AA13-A1E6CBB516D6}.Debug|iPhoneSimulator.Deploy.0 = Debug|Any CPU
		{FB92AAD8-635E-46F5-AA13-A1E6CBB516D6}.Debug|x64.ActiveCfg = Debug|Any CPU
		{FB92AAD8-635E-46F5-AA13-A1E6CBB516D6}.Debug|x64.Build.0 = Debug|Any CPU
		{FB92AAD8-635E-46F5-AA13-A1E6CBB516D6}.Debug|x64.Deploy.0 = Debug|Any CPU
		{FB92AAD8-635E-46F5-AA13-A1E6CBB516D6}.Debug|x86.ActiveCfg = Debug|Any CPU
		{FB92AAD8-635E-46F5-AA13-A1E6CBB516D6}.Debug|x86.Build.0 = Debug|Any CPU
		{FB92AAD8-635E-46F5-AA13-A1E6CBB516D6}.Debug|x86.Deploy.0 = Debug|Any CPU
		{FB92AAD8-635E-46F5-AA13-A1E6CBB516D6}.Release|Any CPU.ActiveCfg = Release|Any CPU
		{FB92AAD8-635E-46F5-AA13-A1E6CBB516D6}.Release|Any CPU.Build.0 = Release|Any CPU
		{FB92AAD8-635E-46F5-AA13-A1E6CBB516D6}.Release|Any CPU.Deploy.0 = Release|Any CPU
		{FB92AAD8-635E-46F5-AA13-A1E6CBB516D6}.Release|ARM.ActiveCfg = Release|Any CPU
		{FB92AAD8-635E-46F5-AA13-A1E6CBB516D6}.Release|ARM.Build.0 = Release|Any CPU
		{FB92AAD8-635E-46F5-AA13-A1E6CBB516D6}.Release|ARM.Deploy.0 = Release|Any CPU
		{FB92AAD8-635E-46F5-AA13-A1E6CBB516D6}.Release|iPhone.ActiveCfg = Release|Any CPU
		{FB92AAD8-635E-46F5-AA13-A1E6CBB516D6}.Release|iPhone.Build.0 = Release|Any CPU
		{FB92AAD8-635E-46F5-AA13-A1E6CBB516D6}.Release|iPhone.Deploy.0 = Release|Any CPU
		{FB92AAD8-635E-46F5-AA13-A1E6CBB516D6}.Release|iPhoneSimulator.ActiveCfg = Release|Any CPU
		{FB92AAD8-635E-46F5-AA13-A1E6CBB516D6}.Release|iPhoneSimulator.Build.0 = Release|Any CPU
		{FB92AAD8-635E-46F5-AA13-A1E6CBB516D6}.Release|iPhoneSimulator.Deploy.0 = Release|Any CPU
		{FB92AAD8-635E-46F5-AA13-A1E6CBB516D6}.Release|x64.ActiveCfg = Release|Any CPU
		{FB92AAD8-635E-46F5-AA13-A1E6CBB516D6}.Release|x64.Build.0 = Release|Any CPU
		{FB92AAD8-635E-46F5-AA13-A1E6CBB516D6}.Release|x64.Deploy.0 = Release|Any CPU
		{FB92AAD8-635E-46F5-AA13-A1E6CBB516D6}.Release|x86.ActiveCfg = Release|Any CPU
		{FB92AAD8-635E-46F5-AA13-A1E6CBB516D6}.Release|x86.Build.0 = Release|Any CPU
		{FB92AAD8-635E-46F5-AA13-A1E6CBB516D6}.Release|x86.Deploy.0 = Release|Any CPU
	EndGlobalSection
	GlobalSection(SolutionProperties) = preSolution
		HideSolutionNode = FALSE
	EndGlobalSection
	GlobalSection(ExtensibilityGlobals) = postSolution
		SolutionGuid = {8B366865-CF00-4483-A785-E595FA2C5616}
	EndGlobalSection
EndGlobal
